
Microsoft Visual Studio Solution File, Format Version 12.00
# Visual Studio Version 17
VisualStudioVersion = 17.14.36717.8
MinimumVisualStudioVersion = 10.0.40219.1
Project("{FAE04EC0-301F-11D3-BF4B-00C04F79EFBC}") = "ProgramowanieObiektowe", "ProgramowanieObiektowe\ProgramowanieObiektowe.csproj", "{AEFE41E9-E34B-420B-A7EF-2171266ED3F4}"
EndProject
Project("{FAE04EC0-301F-11D3-BF4B-00C04F79EFBC}") = "Lab1", "Lab1\Lab1.csproj", "{39A46DFA-7B02-4F25-80F0-BE99B98CAA36}"
EndProject
Project("{FAE04EC0-301F-11D3-BF4B-00C04F79EFBC}") = "lab2", "lab2\lab2.csproj", "{2F4A21C8-D8BB-4001-9E80-A04FC5FCE9E9}"
EndProject
Project("{FAE04EC0-301F-11D3-BF4B-00C04F79EFBC}") = "Lab3", "Lab3\Lab3.csproj", "{59DF9AFB-1F7C-49FD-A88F-466C71FDAFBC}"
EndProject
Project("{FAE04EC0-301F-11D3-BF4B-00C04F79EFBC}") = "lab5", "lab5\lab5.csproj", "{6E093467-83CB-4EE4-B002-2884E68DC6AB}"
EndProject
Project("{FAE04EC0-301F-11D3-BF4B-00C04F79EFBC}") = "lab6", "lab6\lab6.csproj", "{8C8C734F-2685-4C55-B935-865ADE0781D9}"
EndProject
Global
	GlobalSection(SolutionConfigurationPlatforms) = preSolution
		Debug|Any CPU = Debug|Any CPU
		Release|Any CPU = Release|Any CPU
	EndGlobalSection
	GlobalSection(ProjectConfigurationPlatforms) = postSolution
		{AEFE41E9-E34B-420B-A7EF-2171266ED3F4}.Debug|Any CPU.ActiveCfg = Debug|Any CPU
		{AEFE41E9-E34B-420B-A7EF-2171266ED3F4}.Debug|Any CPU.Build.0 = Debug|Any CPU
		{AEFE41E9-E34B-420B-A7EF-2171266ED3F4}.Release|Any CPU.ActiveCfg = Release|Any CPU
		{AEFE41E9-E34B-420B-A7EF-2171266ED3F4}.Release|Any CPU.Build.0 = Release|Any CPU
		{39A46DFA-7B02-4F25-80F0-BE99B98CAA36}.Debug|Any CPU.ActiveCfg = Debug|Any CPU
		{39A46DFA-7B02-4F25-80F0-BE99B98CAA36}.Debug|Any CPU.Build.0 = Debug|Any CPU
		{39A46DFA-7B02-4F25-80F0-BE99B98CAA36}.Release|Any CPU.ActiveCfg = Release|Any CPU
		{39A46DFA-7B02-4F25-80F0-BE99B98CAA36}.Release|Any CPU.Build.0 = Release|Any CPU
		{2F4A21C8-D8BB-4001-9E80-A04FC5FCE9E9}.Debug|Any CPU.ActiveCfg = Debug|Any CPU
		{2F4A21C8-D8BB-4001-9E80-A04FC5FCE9E9}.Debug|Any CPU.Build.0 = Debug|Any CPU
		{2F4A21C8-D8BB-4001-9E80-A04FC5FCE9E9}.Release|Any CPU.ActiveCfg = Release|Any CPU
		{2F4A21C8-D8BB-4001-9E80-A04FC5FCE9E9}.Release|Any CPU.Build.0 = Release|Any CPU
		{59DF9AFB-1F7C-49FD-A88F-466C71FDAFBC}.Debug|Any CPU.ActiveCfg = Debug|Any CPU
		{59DF9AFB-1F7C-49FD-A88F-466C71FDAFBC}.Debug|Any CPU.Build.0 = Debug|Any CPU
		{59DF9AFB-1F7C-49FD-A88F-466C71FDAFBC}.Release|Any CPU.ActiveCfg = Release|Any CPU
		{59DF9AFB-1F7C-49FD-A88F-466C71FDAFBC}.Release|Any CPU.Build.0 = Release|Any CPU
		{6E093467-83CB-4EE4-B002-2884E68DC6AB}.Debug|Any CPU.ActiveCfg = Debug|Any CPU
		{6E093467-83CB-4EE4-B002-2884E68DC6AB}.Debug|Any CPU.Build.0 = Debug|Any CPU
		{6E093467-83CB-4EE4-B002-2884E68DC6AB}.Release|Any CPU.ActiveCfg = Release|Any CPU
		{6E093467-83CB-4EE4-B002-2884E68DC6AB}.Release|Any CPU.Build.0 = Release|Any CPU
		{8C8C734F-2685-4C55-B935-865ADE0781D9}.Debug|Any CPU.ActiveCfg = Debug|Any CPU
		{8C8C734F-2685-4C55-B935-865ADE0781D9}.Debug|Any CPU.Build.0 = Debug|Any CPU
		{8C8C734F-2685-4C55-B935-865ADE0781D9}.Release|Any CPU.ActiveCfg = Release|Any CPU
		{8C8C734F-2685-4C55-B935-865ADE0781D9}.Release|Any CPU.Build.0 = Release|Any CPU
	EndGlobalSection
	GlobalSection(SolutionProperties) = preSolution
		HideSolutionNode = FALSE
	EndGlobalSection
	GlobalSection(ExtensibilityGlobals) = postSolution
		SolutionGuid = {64964C51-CB3C-474C-9EA5-3A7EDB2889DF}
	EndGlobalSection
EndGlobal
